<?xml version="1.0" encoding="utf-8"?>
<Project ToolsVersion="4.0" xmlns="http://schemas.microsoft.com/developer/msbuild/2003">
  <ItemGroup>
    <Filter Include="Archivos de código fuente">
      <UniqueIdentifier>{4FC737F1-C7A5-4376-A066-2A32D752A2FF}</UniqueIdentifier>
      <Extensions>cpp;c;cc;cxx;def;odl;idl;hpj;bat;asm;asmx</Extensions>
    </Filter>
    <Filter Include="Archivos de encabezado">
      <UniqueIdentifier>{93995380-89BD-4b04-88EB-625FBE52EBFB}</UniqueIdentifier>
      <Extensions>h;hh;hpp;hxx;hm;inl;inc;xsd</Extensions>
    </Filter>
    <Filter Include="Archivos de recursos">
      <UniqueIdentifier>{67DA6AB6-F800-4c08-8B7A-83BB121AAD01}</UniqueIdentifier>
      <Extensions>rc;ico;cur;bmp;dlg;rc2;rct;bin;rgs;gif;jpg;jpeg;jpe;resx;tiff;tif;png;wav;mfcribbon-ms</Extensions>
    </Filter>
    <Filter Include="Archivos de código fuente\entities">
      <UniqueIdentifier>{fd887774-5578-4d13-abcb-47d230fa9790}</UniqueIdentifier>
    </Filter>
    <Filter Include="Archivos de código fuente\entities\Creatures">
      <UniqueIdentifier>{88bd0be7-433d-4512-833b-2fcb159bbf2c}</UniqueIdentifier>
    </Filter>
    <Filter Include="Archivos de código fuente\Vectors &amp; Strings">
      <UniqueIdentifier>{73c3d585-961e-4a3f-abe8-8c3776e93ded}</UniqueIdentifier>
    </Filter>
  </ItemGroup>
  <ItemGroup>
    <ClCompile Include="Entity.cpp">
      <Filter>Archivos de código fuente</Filter>
    </ClCompile>
    <ClCompile Include="Main.cpp">
      <Filter>Archivos de código fuente</Filter>
    </ClCompile>
    <ClCompile Include="World.cpp">
      <Filter>Archivos de código fuente</Filter>
    </ClCompile>
    <ClCompile Include="Exit.cpp">
      <Filter>Archivos de código fuente\entities</Filter>
    </ClCompile>
    <ClCompile Include="Room.cpp">
      <Filter>Archivos de código fuente\entities</Filter>
    </ClCompile>
    <ClCompile Include="Creature.cpp">
      <Filter>Archivos de código fuente\entities</Filter>
    </ClCompile>
    <ClCompile Include="Player.cpp">
      <Filter>Archivos de código fuente\entities\Creatures</Filter>
    </ClCompile>
    <ClCompile Include="Item.cpp">
      <Filter>Archivos de código fuente\entities</Filter>
    </ClCompile>
    <ClCompile Include="MyString.cpp">
      <Filter>Archivos de código fuente\Vectors &amp; Strings</Filter>
    </ClCompile>
    <ClCompile Include="talkingNPC.cpp">
      <Filter>Archivos de código fuente\entities\Creatures</Filter>
    </ClCompile>
    <ClCompile Include="SellerNPC.cpp">
      <Filter>Archivos de código fuente\entities\Creatures</Filter>
    </ClCompile>
    <ClCompile Include="Dlist.cpp">
      <Filter>Archivos de código fuente\Vectors &amp; Strings</Filter>
    </ClCompile>
  </ItemGroup>
  <ItemGroup>
    <ClInclude Include="Entity.h">
      <Filter>Archivos de código fuente</Filter>
    </ClInclude>
    <ClInclude Include="MemLeaks.h">
      <Filter>Archivos de código fuente</Filter>
    </ClInclude>
    <ClInclude Include="World.h">
      <Filter>Archivos de código fuente</Filter>
    </ClInclude>
    <ClInclude Include="Exit.h">
      <Filter>Archivos de código fuente\entities</Filter>
    </ClInclude>
    <ClInclude Include="Room.h">
      <Filter>Archivos de código fuente\entities</Filter>
    </ClInclude>
    <ClInclude Include="Creature.h">
      <Filter>Archivos de código fuente\entities</Filter>
    </ClInclude>
    <ClInclude Include="Player.h">
      <Filter>Archivos de código fuente\entities\Creatures</Filter>
    </ClInclude>
    <ClInclude Include="Item.h">
      <Filter>Archivos de código fuente\entities</Filter>
    </ClInclude>
    <ClInclude Include="MyString.h">
      <Filter>Archivos de código fuente\Vectors &amp; Strings</Filter>
    </ClInclude>
    <ClInclude Include="Vector.h">
      <Filter>Archivos de código fuente\Vectors &amp; Strings</Filter>
    </ClInclude>
    <ClInclude Include="talkingNPC.h">
      <Filter>Archivos de código fuente\entities\Creatures</Filter>
    </ClInclude>
    <ClInclude Include="SellerNPC.h">
      <Filter>Archivos de código fuente\entities\Creatures</Filter>
    </ClInclude>
    <ClInclude Include="Dlist.h">
      <Filter>Archivos de código fuente\Vectors &amp; Strings</Filter>
    </ClInclude>
  </ItemGroup>
</Project>